<?xml version="1.0" encoding="utf-8"?>
<Project ToolsVersion="4.0" xmlns="http://schemas.microsoft.com/developer/msbuild/2003">
  <ItemGroup>
    <Filter Include="Source Files">
      <UniqueIdentifier>{4FC737F1-C7A5-4376-A066-2A32D752A2FF}</UniqueIdentifier>
      <Extensions>cpp;c;cc;cxx;def;odl;idl;hpj;bat;asm;asmx</Extensions>
    </Filter>
    <Filter Include="Header Files">
      <UniqueIdentifier>{93995380-89BD-4b04-88EB-625FBE52EBFB}</UniqueIdentifier>
      <Extensions>h;hh;hpp;hxx;hm;inl;inc;xsd</Extensions>
    </Filter>
    <Filter Include="Resource Files">
      <UniqueIdentifier>{67DA6AB6-F800-4c08-8B7A-83BB121AAD01}</UniqueIdentifier>
      <Extensions>rc;ico;cur;bmp;dlg;rc2;rct;bin;rgs;gif;jpg;jpeg;jpe;resx;tiff;tif;png;wav;mfcribbon-ms</Extensions>
    </Filter>
    <Filter Include="Header Files\Tests">
      <UniqueIdentifier>{d1399962-f5c7-4958-b1d7-9dc9a0d68f4b}</UniqueIdentifier>
    </Filter>
    <Filter Include="Header Files\Demos">
      <UniqueIdentifier>{e8574c73-2bbb-4369-a5ba-85bdf333428b}</UniqueIdentifier>
    </Filter>
    <Filter Include="Header Files\Core">
      <UniqueIdentifier>{d69bb209-ec4b-4644-ad3a-2ee7b424a839}</UniqueIdentifier>
    </Filter>
    <Filter Include="Header Files\Rendering">
      <UniqueIdentifier>{e6a09cbe-a2b8-407b-9a88-49321e5bafc1}</UniqueIdentifier>
    </Filter>
    <Filter Include="Header Files\Windowing">
      <UniqueIdentifier>{4819e71d-bc3a-4d68-b4ca-e7ac775b3474}</UniqueIdentifier>
    </Filter>
    <Filter Include="Header Files\Math">
      <UniqueIdentifier>{7ace5328-3289-4f80-a471-cc17b2e905c2}</UniqueIdentifier>
    </Filter>
    <Filter Include="Header Files\Geometry">
      <UniqueIdentifier>{2964d88a-29a9-471d-b740-6ad57b16c4da}</UniqueIdentifier>
    </Filter>
    <Filter Include="Source Files\Math">
      <UniqueIdentifier>{419db822-0b88-4986-a59c-abe5cbe9a82a}</UniqueIdentifier>
    </Filter>
    <Filter Include="Source Files\Core">
      <UniqueIdentifier>{a62fa10b-1b48-4a99-b1b8-ca58abc3a3b5}</UniqueIdentifier>
    </Filter>
    <Filter Include="Source Files\Geometry">
      <UniqueIdentifier>{7902519b-3666-4e6b-870b-7525727a86e0}</UniqueIdentifier>
    </Filter>
    <Filter Include="Source Files\Windowing">
      <UniqueIdentifier>{2061a4ba-ebd5-4cd1-8a19-b057dbc3f89e}</UniqueIdentifier>
    </Filter>
    <Filter Include="Source Files\Rendering">
      <UniqueIdentifier>{4758cf82-5948-4cfd-bb5e-f47dab6fa2d3}</UniqueIdentifier>
    </Filter>
    <Filter Include="Header Files\Windowing\Variants">
      <UniqueIdentifier>{fe5beecd-5b75-4373-8bfc-6ebddc138c5c}</UniqueIdentifier>
    </Filter>
    <Filter Include="Source Files\Windowing\Variants">
      <UniqueIdentifier>{51c40784-45ad-49bc-8085-8c93e6ba61dd}</UniqueIdentifier>
    </Filter>
    <Filter Include="Header Files\Rendering\Variants">
      <UniqueIdentifier>{81318863-2107-4ebe-beac-173dd25ffbb7}</UniqueIdentifier>
    </Filter>
    <Filter Include="Source Files\Rendering\Variants">
      <UniqueIdentifier>{be63ae54-01de-465f-9a6d-58ea525985c6}</UniqueIdentifier>
    </Filter>
    <Filter Include="Header Files\Rendering\Variants\OpenGL">
      <UniqueIdentifier>{8842ce6d-2c12-40f9-ab30-8801943dbd63}</UniqueIdentifier>
    </Filter>
    <Filter Include="Source Files\Rendering\Variants\OpenGL">
      <UniqueIdentifier>{b7803cc6-a9bf-4921-8671-c5e5228ab2bf}</UniqueIdentifier>
    </Filter>
    <Filter Include="Header Files\Core\Particles">
      <UniqueIdentifier>{ce8a2588-0c7d-424d-b331-dd4e2c31266e}</UniqueIdentifier>
    </Filter>
    <Filter Include="Source Files\Core\Particles">
      <UniqueIdentifier>{4d7df560-b005-47fd-b0c3-a16724152959}</UniqueIdentifier>
    </Filter>
  </ItemGroup>
  <ItemGroup>
    <ClCompile Include="Main.cpp">
      <Filter>Source Files</Filter>
    </ClCompile>
    <ClCompile Include="private\src\Math\GeometryAlgorithm.cpp">
      <Filter>Source Files\Math</Filter>
    </ClCompile>
    <ClCompile Include="private\src\Math\Line.cpp">
      <Filter>Source Files\Math</Filter>
    </ClCompile>
    <ClCompile Include="private\src\Math\LineSegment.cpp">
      <Filter>Source Files\Math</Filter>
    </ClCompile>
    <ClCompile Include="private\src\Math\Plane.cpp">
      <Filter>Source Files\Math</Filter>
    </ClCompile>
    <ClCompile Include="private\src\Math\Vector.cpp">
      <Filter>Source Files\Math</Filter>
    </ClCompile>
    <ClCompile Include="private\src\Core\FrameBuffer.cpp">
      <Filter>Source Files\Core</Filter>
    </ClCompile>
    <ClCompile Include="private\src\Core\Mesh.cpp">
      <Filter>Source Files\Core</Filter>
    </ClCompile>
    <ClCompile Include="private\src\Core\Shader.cpp">
      <Filter>Source Files\Core</Filter>
    </ClCompile>
    <ClCompile Include="private\src\Geometry\Bar.cpp">
      <Filter>Source Files\Geometry</Filter>
    </ClCompile>
    <ClCompile Include="private\src\Geometry\BlockMesh.cpp">
      <Filter>Source Files\Geometry</Filter>
    </ClCompile>
    <ClCompile Include="private\src\Geometry\Cube.cpp">
      <Filter>Source Files\Geometry</Filter>
    </ClCompile>
    <ClCompile Include="private\src\Geometry\LineListMesh.cpp">
      <Filter>Source Files\Geometry</Filter>
    </ClCompile>
    <ClCompile Include="private\src\Geometry\PlaneMesh.cpp">
      <Filter>Source Files\Geometry</Filter>
    </ClCompile>
    <ClCompile Include="private\src\Geometry\PointListMesh.cpp">
      <Filter>Source Files\Geometry</Filter>
    </ClCompile>
    <ClCompile Include="private\src\Geometry\Rectangle.cpp">
      <Filter>Source Files\Geometry</Filter>
    </ClCompile>
    <ClCompile Include="private\src\Geometry\Triangle.cpp">
      <Filter>Source Files\Geometry</Filter>
    </ClCompile>
    <ClCompile Include="private\src\Windowing\Variants\GLUTWrapper.cpp">
      <Filter>Source Files\Windowing\Variants</Filter>
    </ClCompile>
    <ClCompile Include="private\src\Windowing\Window.cpp">
      <Filter>Source Files\Windowing</Filter>
    </ClCompile>
    <ClCompile Include="private\src\Core\Scene.cpp">
      <Filter>Source Files\Core</Filter>
    </ClCompile>
    <ClCompile Include="private\src\Core\DefaultCamera.cpp">
      <Filter>Source Files\Core</Filter>
    </ClCompile>
    <ClCompile Include="private\src\Core\PerspectiveCamera.cpp">
      <Filter>Source Files\Core</Filter>
    </ClCompile>
    <ClCompile Include="private\src\Geometry\CustomGeometry.cpp">
      <Filter>Source Files\Geometry</Filter>
    </ClCompile>
    <ClCompile Include="private\src\Rendering\Variants\OpenGL\OpenGLRenderer.cpp">
      <Filter>Source Files\Rendering\Variants\OpenGL</Filter>
    </ClCompile>
    <ClCompile Include="private\src\Rendering\Variants\OpenGL\OpenGLTexture.cpp">
      <Filter>Source Files\Rendering\Variants\OpenGL</Filter>
    </ClCompile>
    <ClCompile Include="private\src\Rendering\Variants\OpenGL\OpenGLTextureCubemap.cpp">
      <Filter>Source Files\Rendering\Variants\OpenGL</Filter>
    </ClCompile>
    <ClCompile Include="private\src\Rendering\Variants\OpenGL\OpenGLResourceManager.cpp">
      <Filter>Source Files\Rendering\Variants\OpenGL</Filter>
    </ClCompile>
    <ClCompile Include="private\src\Rendering\Variants\OpenGL\OpenGLMaterial.cpp">
      <Filter>Source Files\Rendering\Variants\OpenGL</Filter>
    </ClCompile>
    <ClCompile Include="private\src\Rendering\Variants\OpenGL\OpenGLVertexBuffer.cpp">
      <Filter>Source Files\Rendering\Variants\OpenGL</Filter>
    </ClCompile>
    <ClCompile Include="private\src\Rendering\Variants\OpenGL\OpenGLIndexBuffer.cpp">
      <Filter>Source Files\Rendering\Variants\OpenGL</Filter>
    </ClCompile>
    <ClCompile Include="private\src\Core\Particles\SimpleEmitter.cpp">
      <Filter>Source Files\Core\Particles</Filter>
    </ClCompile>
    <ClCompile Include="private\src\Core\Particles\SimpleParticle.cpp">
      <Filter>Source Files\Core\Particles</Filter>
    </ClCompile>
    <ClCompile Include="private\src\Geometry\GeometryFactory.cpp">
      <Filter>Source Files\Geometry</Filter>
    </ClCompile>
    <ClCompile Include="private\src\Core\Particles\GpuParticle2D.cpp">
      <Filter>Source Files\Core\Particles</Filter>
    </ClCompile>
  </ItemGroup>
  <ItemGroup>
    <ClInclude Include="private\inc\Geometry\Bar.hpp">
      <Filter>Header Files\Geometry</Filter>
    </ClInclude>
    <ClInclude Include="private\inc\Geometry\BlockMesh.hpp">
      <Filter>Header Files\Geometry</Filter>
    </ClInclude>
    <ClInclude Include="private\inc\Geometry\Cube.hpp">
      <Filter>Header Files\Geometry</Filter>
    </ClInclude>
    <ClInclude Include="private\inc\Geometry\LineListMesh.hpp">
      <Filter>Header Files\Geometry</Filter>
    </ClInclude>
    <ClInclude Include="private\inc\Geometry\PlaneMesh.hpp">
      <Filter>Header Files\Geometry</Filter>
    </ClInclude>
    <ClInclude Include="private\inc\Geometry\PointListMesh.hpp">
      <Filter>Header Files\Geometry</Filter>
    </ClInclude>
    <ClInclude Include="private\inc\Geometry\rectangle.hpp">
      <Filter>Header Files\Geometry</Filter>
    </ClInclude>
    <ClInclude Include="private\inc\Geometry\Triangle.hpp">
      <Filter>Header Files\Geometry</Filter>
    </ClInclude>
    <ClInclude Include="private\inc\Core\FrameBuffer.hpp">
      <Filter>Header Files\Core</Filter>
    </ClInclude>
    <ClInclude Include="private\inc\Core\Mesh.hpp">
      <Filter>Header Files\Core</Filter>
    </ClInclude>
    <ClInclude Include="private\inc\Core\Shader.hpp">
      <Filter>Header Files\Core</Filter>
    </ClInclude>
    <ClInclude Include="private\inc\Core\TextureGenerator.hpp">
      <Filter>Header Files\Core</Filter>
    </ClInclude>
    <ClInclude Include="private\inc\Math\GeometryAlgorithm.hpp">
      <Filter>Header Files\Math</Filter>
    </ClInclude>
    <ClInclude Include="private\inc\Math\Line.hpp">
      <Filter>Header Files\Math</Filter>
    </ClInclude>
    <ClInclude Include="private\inc\Math\LineSegment.hpp">
      <Filter>Header Files\Math</Filter>
    </ClInclude>
    <ClInclude Include="private\inc\Math\Matrix.hpp">
      <Filter>Header Files\Math</Filter>
    </ClInclude>
    <ClInclude Include="private\inc\Math\Plane.hpp">
      <Filter>Header Files\Math</Filter>
    </ClInclude>
    <ClInclude Include="private\inc\Math\Vector.hpp">
      <Filter>Header Files\Math</Filter>
    </ClInclude>
    <ClInclude Include="private\inc\Demos\DemoClipping.hpp">
      <Filter>Header Files\Demos</Filter>
    </ClInclude>
    <ClInclude Include="private\inc\Demos\DemoCube.hpp">
      <Filter>Header Files\Demos</Filter>
    </ClInclude>
    <ClInclude Include="private\inc\Demos\DemoGrahamScan.hpp">
      <Filter>Header Files\Demos</Filter>
    </ClInclude>
    <ClInclude Include="private\inc\Demos\DemoIntersectingLineSegments.hpp">
      <Filter>Header Files\Demos</Filter>
    </ClInclude>
    <ClInclude Include="private\inc\Demos\DemoIntersectingPolygons.hpp">
      <Filter>Header Files\Demos</Filter>
    </ClInclude>
    <ClInclude Include="private\inc\Demos\DemoPointInPolygon.hpp">
      <Filter>Header Files\Demos</Filter>
    </ClInclude>
    <ClInclude Include="private\inc\Demos\DemoProjections.hpp">
      <Filter>Header Files\Demos</Filter>
    </ClInclude>
    <ClInclude Include="private\inc\Demos\DemoRotatingCalipers.hpp">
      <Filter>Header Files\Demos</Filter>
    </ClInclude>
    <ClInclude Include="private\inc\Demos\DemoTexture.hpp">
      <Filter>Header Files\Demos</Filter>
    </ClInclude>
    <ClInclude Include="private\inc\Tests\TestGeometryAlgorithm.hpp">
      <Filter>Header Files\Tests</Filter>
    </ClInclude>
    <ClInclude Include="private\inc\Tests\TestLine.hpp">
      <Filter>Header Files\Tests</Filter>
    </ClInclude>
    <ClInclude Include="private\inc\Tests\TestMatrix.hpp">
      <Filter>Header Files\Tests</Filter>
    </ClInclude>
    <ClInclude Include="private\inc\Tests\TestPlane.hpp">
      <Filter>Header Files\Tests</Filter>
    </ClInclude>
    <ClInclude Include="private\inc\Tests\TestVector.hpp">
      <Filter>Header Files\Tests</Filter>
    </ClInclude>
    <ClInclude Include="private\inc\Windowing\Variants\WindowDX.hpp">
      <Filter>Header Files\Windowing\Variants</Filter>
    </ClInclude>
    <ClInclude Include="private\inc\Windowing\Window.hpp">
      <Filter>Header Files\Windowing</Filter>
    </ClInclude>
    <ClInclude Include="private\inc\Windowing\Variants\GLUTWrapper.hpp">
      <Filter>Header Files\Windowing\Variants</Filter>
    </ClInclude>
    <ClInclude Include="private\inc\Tests\TestWindow.hpp">
      <Filter>Header Files\Tests</Filter>
    </ClInclude>
    <ClInclude Include="private\inc\Demos\DemoWindow.hpp">
      <Filter>Header Files\Demos</Filter>
    </ClInclude>
    <ClInclude Include="private\inc\Rendering\Renderer.hpp">
      <Filter>Header Files\Rendering</Filter>
    </ClInclude>
    <ClInclude Include="private\inc\Demos\DemoRenderer.hpp">
      <Filter>Header Files\Demos</Filter>
    </ClInclude>
    <ClInclude Include="private\inc\Demos\DemoFragmentShaderSandbox.hpp">
      <Filter>Header Files\Demos</Filter>
    </ClInclude>
    <ClInclude Include="private\inc\Core\IScene.hpp">
      <Filter>Header Files\Core</Filter>
    </ClInclude>
    <ClInclude Include="private\inc\Core\IMesh.hpp">
      <Filter>Header Files\Core</Filter>
    </ClInclude>
    <ClInclude Include="private\inc\Core\ICamera.hpp">
      <Filter>Header Files\Core</Filter>
    </ClInclude>
    <ClInclude Include="private\inc\Core\IMaterial.hpp">
      <Filter>Header Files\Core</Filter>
    </ClInclude>
    <ClInclude Include="private\inc\Core\Scene.hpp">
      <Filter>Header Files\Core</Filter>
    </ClInclude>
    <ClInclude Include="private\inc\Core\DefaultCamera.hpp">
      <Filter>Header Files\Core</Filter>
    </ClInclude>
    <ClInclude Include="private\inc\Core\PerspectiveCamera.hpp">
      <Filter>Header Files\Core</Filter>
    </ClInclude>
    <ClInclude Include="private\inc\Demos\DemoWave.hpp">
      <Filter>Header Files\Demos</Filter>
    </ClInclude>
    <ClInclude Include="private\inc\Geometry\CustomGeometry.hpp">
      <Filter>Header Files\Geometry</Filter>
    </ClInclude>
    <ClInclude Include="private\inc\Demos\DemoCustomGeometry.hpp">
      <Filter>Header Files\Demos</Filter>
    </ClInclude>
    <ClInclude Include="private\inc\Demos\DemoTextureLoader.hpp">
      <Filter>Header Files\Demos</Filter>
    </ClInclude>
    <ClInclude Include="private\inc\Demos\DemoPBR.hpp">
      <Filter>Header Files\Demos</Filter>
    </ClInclude>
    <ClInclude Include="private\inc\Demos\DemoHoughTransform.hpp">
      <Filter>Header Files\Demos</Filter>
    </ClInclude>
    <ClInclude Include="private\inc\Core\IResourceManager.hpp">
      <Filter>Header Files\Core</Filter>
    </ClInclude>
    <ClInclude Include="private\inc\Core\IVertexBuffer.hpp">
      <Filter>Header Files\Core</Filter>
    </ClInclude>
    <ClInclude Include="private\inc\Core\IIndexBuffer.hpp">
      <Filter>Header Files\Core</Filter>
    </ClInclude>
    <ClInclude Include="private\inc\Core\ITexture.hpp">
      <Filter>Header Files\Core</Filter>
    </ClInclude>
    <ClInclude Include="private\inc\Rendering\Variants\OpenGL\OpenGLRenderer.hpp">
      <Filter>Header Files\Rendering\Variants\OpenGL</Filter>
    </ClInclude>
    <ClInclude Include="private\inc\Rendering\Variants\OpenGL\OpenGLTexture.hpp">
      <Filter>Header Files\Rendering\Variants\OpenGL</Filter>
    </ClInclude>
    <ClInclude Include="private\inc\Core\ITextureCubemap.hpp">
      <Filter>Header Files\Core</Filter>
    </ClInclude>
    <ClInclude Include="private\inc\Rendering\Variants\OpenGL\OpenGLTextureCubemap.hpp">
      <Filter>Header Files\Rendering\Variants\OpenGL</Filter>
    </ClInclude>
    <ClInclude Include="private\inc\Rendering\Variants\OpenGL\OpenGLResourceManager.hpp">
      <Filter>Header Files\Rendering\Variants\OpenGL</Filter>
    </ClInclude>
    <ClInclude Include="private\inc\Rendering\Variants\OpenGL\OpenGLMaterial.hpp">
      <Filter>Header Files\Rendering\Variants\OpenGL</Filter>
    </ClInclude>
    <ClInclude Include="private\inc\Rendering\Variants\OpenGL\OpenGLIndexBuffer.hpp">
      <Filter>Header Files\Rendering\Variants\OpenGL</Filter>
    </ClInclude>
    <ClInclude Include="private\inc\Rendering\Variants\OpenGL\OpenGLVertexBuffer.hpp">
      <Filter>Header Files\Rendering\Variants\OpenGL</Filter>
    </ClInclude>
    <ClInclude Include="private\inc\Demos\DemoGeometryShader.hpp">
      <Filter>Header Files\Demos</Filter>
    </ClInclude>
    <ClInclude Include="private\inc\Demos\DemoParticles.hpp">
      <Filter>Header Files\Demos</Filter>
    </ClInclude>
    <ClInclude Include="private\inc\Core\Particles\IParticle.hpp">
      <Filter>Header Files\Core\Particles</Filter>
    </ClInclude>
    <ClInclude Include="private\inc\Core\Particles\SimpleParticle.hpp">
      <Filter>Header Files\Core\Particles</Filter>
    </ClInclude>
    <ClInclude Include="private\inc\Core\Particles\IEmitter.hpp">
      <Filter>Header Files\Core\Particles</Filter>
    </ClInclude>
    <ClInclude Include="private\inc\Core\Particles\SimpleEmitter.hpp">
      <Filter>Header Files\Core\Particles</Filter>
    </ClInclude>
    <ClInclude Include="private\inc\Tests\TestParticles.hpp">
      <Filter>Header Files\Tests</Filter>
    </ClInclude>
    <ClInclude Include="private\inc\Geometry\GeometryFactory.hpp">
      <Filter>Header Files\Geometry</Filter>
    </ClInclude>
    <ClInclude Include="private\inc\Geometry\IGeometryFactory.hpp">
      <Filter>Header Files\Geometry</Filter>
    </ClInclude>
    <ClInclude Include="private\inc\Demos\DemoMinecraft.hpp">
      <Filter>Header Files\Demos</Filter>
    </ClInclude>
    <ClInclude Include="private\inc\Core\Particles\IParticle2D.hpp">
      <Filter>Header Files\Core\Particles</Filter>
    </ClInclude>
    <ClInclude Include="private\inc\Core\Particles\IParticle2DRenderer.hpp">
      <Filter>Header Files\Core\Particles</Filter>
    </ClInclude>
    <ClInclude Include="private\inc\Core\Particles\GpuParticle2D.hpp">
      <Filter>Header Files\Core\Particles</Filter>
    </ClInclude>
  </ItemGroup>
  <ItemGroup>
    <None Include="packages.config" />
  </ItemGroup>
</Project>